
Microsoft Visual Studio Solution File, Format Version 12.00
# Visual Studio Version 17
VisualStudioVersion = 17.12.35527.113
MinimumVisualStudioVersion = 10.0.40219.1
Project("{2150E333-8FDC-42A3-9474-1A3956D46DE8}") = "IdentityService", "IdentityService", "{87389CB7-8EA6-46DE-A775-836605346C38}"
EndProject
Project("{2150E333-8FDC-42A3-9474-1A3956D46DE8}") = "MoneyMaster.Common", "MoneyMaster.Common", "{F5FFF3CB-1242-4004-956D-B7FC62714206}"
EndProject
Project("{2150E333-8FDC-42A3-9474-1A3956D46DE8}") = "AccountService", "AccountService", "{F9A87EA3-AF59-466D-94CE-2D12FBD29AB6}"
EndProject
Project("{2150E333-8FDC-42A3-9474-1A3956D46DE8}") = "TelegramService", "TelegramService", "{54EF8119-5297-4D1E-93C8-32C686D3E2E0}"
EndProject
Project("{FAE04EC0-301F-11D3-BF4B-00C04F79EFBC}") = "MoneyMaster.Common", "MoneyMaster.Common\MoneyMaster.Common\MoneyMaster.Common.csproj", "{078E2AE0-C590-4B2E-BBA4-03CDDB93D0EB}"
EndProject
Project("{FAE04EC0-301F-11D3-BF4B-00C04F79EFBC}") = "MoneyMaster.Common.Entities", "MoneyMaster.Common\MoneyMaster.Common.Enities\MoneyMaster.Common.Entities.csproj", "{A61D3008-232E-446D-A7AB-AB52BAAD1B28}"
EndProject
Project("{FAE04EC0-301F-11D3-BF4B-00C04F79EFBC}") = "MoneyMaster.Common.Interfaces", "MoneyMaster.Common\MoneyMaster.Common.Interfaces\MoneyMaster.Common.Interfaces.csproj", "{C48DB1B6-5BCB-44CC-9EDC-DBC300AD11FA}"
EndProject
Project("{2150E333-8FDC-42A3-9474-1A3956D46DE8}") = "Domain", "Domain", "{41903659-E666-421F-9AB0-9775989EB989}"
EndProject
Project("{2150E333-8FDC-42A3-9474-1A3956D46DE8}") = "Hosts", "Hosts", "{4938A16F-B34E-4279-B068-A1458F7F597C}"
EndProject
Project("{2150E333-8FDC-42A3-9474-1A3956D46DE8}") = "Infrastructure", "Infrastructure", "{72F82BCE-8009-403D-80C1-D4FD11B6FE62}"
EndProject
Project("{2150E333-8FDC-42A3-9474-1A3956D46DE8}") = "Services", "Services", "{9610B93E-7EB7-4CE3-A9FC-CB69D8A5D5AC}"
EndProject
Project("{2150E333-8FDC-42A3-9474-1A3956D46DE8}") = "Tests", "Tests", "{897AE40E-F5C2-4EDF-BB32-AE9C251EAEB9}"
EndProject
Project("{2150E333-8FDC-42A3-9474-1A3956D46DE8}") = "Domain", "Domain", "{21AACF07-AAA6-4FC8-BBB9-093EAF173F5B}"
EndProject
Project("{2150E333-8FDC-42A3-9474-1A3956D46DE8}") = "Hosts", "Hosts", "{FB758FA1-A67D-417B-8B7B-44141598CDEA}"
EndProject
Project("{2150E333-8FDC-42A3-9474-1A3956D46DE8}") = "Infrastructure", "Infrastructure", "{FA443D66-64FC-4DD5-887F-90E9BFB69B99}"
EndProject
Project("{2150E333-8FDC-42A3-9474-1A3956D46DE8}") = "Services", "Services", "{1EBC02AF-D150-4793-A553-962C1860F87A}"
EndProject
Project("{2150E333-8FDC-42A3-9474-1A3956D46DE8}") = "Tests", "Tests", "{51A1BDF2-36D2-4181-8A0E-26C34E582926}"
EndProject
Project("{FAE04EC0-301F-11D3-BF4B-00C04F79EFBC}") = "IdentityService.Tests", "MoneyMaster.IdentityService\Tests\MoneyMaster.IdentityService.Tests\IdentityService.Tests.csproj", "{AFCDD1AF-72AC-42F3-9081-BC0F2166FDB0}"
EndProject
Project("{FAE04EC0-301F-11D3-BF4B-00C04F79EFBC}") = "AccountService.Services.Abstractions", "AccountService\Services\AccountService.Services.Abstractions\AccountService.Services.Abstractions.csproj", "{541F6544-5F9D-43DD-8FCD-B7BD58ED023A}"
EndProject
Project("{FAE04EC0-301F-11D3-BF4B-00C04F79EFBC}") = "AccountService.Services.Contracts", "AccountService\Services\AccountService.Services.Contracts\AccountService.Services.Contracts.csproj", "{1CF1D00D-DBEA-4132-9D85-1C4B159FC052}"
EndProject
Project("{FAE04EC0-301F-11D3-BF4B-00C04F79EFBC}") = "AccountService.Services.Repositories.Abstractions", "AccountService\Services\AccountService.Services.Repositories.Abstractions\AccountService.Services.Repositories.Abstractions.csproj", "{D0FF0166-E104-4542-84E4-6B378D433CB4}"
EndProject
Project("{FAE04EC0-301F-11D3-BF4B-00C04F79EFBC}") = "AccountService.Services.Implementations", "AccountService\Services\AccountService.Services.Implementations\AccountService.Services.Implementations.csproj", "{C6C5EE07-56EB-443A-85EE-924353A74EBF}"
EndProject
Project("{FAE04EC0-301F-11D3-BF4B-00C04F79EFBC}") = "AccountService.WebAPI", "AccountService\Hosts\AccountService.WebAPI\AccountService.WebAPI.csproj", "{8336A999-B723-4894-8DF4-885459A48FEB}"
EndProject
Project("{FAE04EC0-301F-11D3-BF4B-00C04F79EFBC}") = "AccountService.Domain.Entities", "AccountService\Domain\AccountService.Domain.Entities\AccountService.Domain.Entities.csproj", "{C46F0C56-9616-44BA-8B6A-0CF0AE4C9542}"
EndProject
Project("{FAE04EC0-301F-11D3-BF4B-00C04F79EFBC}") = "AccountService.EntityFramework", "AccountService\Infrastructure\AccountService.EntityFramework\AccountService.EntityFramework.csproj", "{45087D2D-8263-46AF-8026-2EF9F339865F}"
EndProject
Project("{FAE04EC0-301F-11D3-BF4B-00C04F79EFBC}") = "AccountService.Repositories.Implementations", "AccountService\Infrastructure\AccountService.Repositories.Implementations\AccountService.Repositories.Implementations.csproj", "{5E4104D6-4B48-4828-8EB8-FF877FF3F997}"
EndProject
Project("{FAE04EC0-301F-11D3-BF4B-00C04F79EFBC}") = "AccountService.Tests", "AccountService\Tests\AccountService.Tests\AccountService.Tests.csproj", "{820E652C-D4C8-4149-A2D6-03100E2F899B}"
EndProject
Project("{FAE04EC0-301F-11D3-BF4B-00C04F79EFBC}") = "IdentityService.Domain.Entities", "IdentityService\Domain\IdentityService.Domain.Entities\IdentityService.Domain.Entities.csproj", "{0EAE4AD7-881F-418F-84AD-5B0923EB1F2A}"
EndProject
Project("{FAE04EC0-301F-11D3-BF4B-00C04F79EFBC}") = "IdentityService.Infrastructure.EntityFramework", "IdentityService\Infrastructure\IdentityService.Infrastructure.EntityFramework\IdentityService.Infrastructure.EntityFramework.csproj", "{420FDA1D-6C23-463C-9891-7FA94177FF71}"
EndProject
Project("{FAE04EC0-301F-11D3-BF4B-00C04F79EFBC}") = "IdentityService.Infrastructure.Repositories.Implementations", "IdentityService\Infrastructure\IdentityService.Infrastructure.Repositories.Implementations\IdentityService.Infrastructure.Repositories.Implementations.csproj", "{31AC96ED-4476-4264-918B-5DDD97E04923}"
EndProject
Project("{FAE04EC0-301F-11D3-BF4B-00C04F79EFBC}") = "IdentityService.Services.Repositories.Abstractions", "IdentityService\Services\IdentityService.Services.Repositories.Abstractions\IdentityService.Services.Repositories.Abstractions.csproj", "{6CD9910F-6A38-4366-A43D-E9C3E9BEBB1C}"
EndProject
Project("{FAE04EC0-301F-11D3-BF4B-00C04F79EFBC}") = "IdentityService.Services.Abstractions", "IdentityService\Services\IdentityService.Services.Abstractions\IdentityService.Services.Abstractions.csproj", "{CE2B83F1-94DB-425A-8D1D-D91DF6E333B4}"
EndProject
Project("{FAE04EC0-301F-11D3-BF4B-00C04F79EFBC}") = "IdentityService.Services.Contracts", "IdentityService\Services\IdentityService.Services.Contracts\IdentityService.Services.Contracts.csproj", "{24C64740-28DD-4709-B007-179C0674DA60}"
EndProject
Project("{FAE04EC0-301F-11D3-BF4B-00C04F79EFBC}") = "IdentityService.Services.Implementations", "IdentityService\Services\IdentityService.Services.Implementations\IdentityService.Services.Implementations.csproj", "{1B6C0095-5655-42D4-9175-586F804DC058}"
EndProject
Project("{FAE04EC0-301F-11D3-BF4B-00C04F79EFBC}") = "IdentityService.WebAPI", "IdentityService\Hosts\IdentityService.WebAPI\IdentityService.WebAPI.csproj", "{74167DFD-C991-4946-80D2-4E3BC73A42D8}"
EndProject
Project("{E53339B2-1760-4266-BCC7-CA923CBCF16C}") = "docker-compose", "docker-compose.dcproj", "{61A88F91-2ECA-43BE-906C-D127E4F03025}"
EndProject
Global
	GlobalSection(SolutionConfigurationPlatforms) = preSolution
		Debug|Any CPU = Debug|Any CPU
		Release|Any CPU = Release|Any CPU
	EndGlobalSection
	GlobalSection(ProjectConfigurationPlatforms) = postSolution
		{078E2AE0-C590-4B2E-BBA4-03CDDB93D0EB}.Debug|Any CPU.ActiveCfg = Debug|Any CPU
		{078E2AE0-C590-4B2E-BBA4-03CDDB93D0EB}.Debug|Any CPU.Build.0 = Debug|Any CPU
		{078E2AE0-C590-4B2E-BBA4-03CDDB93D0EB}.Release|Any CPU.ActiveCfg = Release|Any CPU
		{078E2AE0-C590-4B2E-BBA4-03CDDB93D0EB}.Release|Any CPU.Build.0 = Release|Any CPU
		{A61D3008-232E-446D-A7AB-AB52BAAD1B28}.Debug|Any CPU.ActiveCfg = Debug|Any CPU
		{A61D3008-232E-446D-A7AB-AB52BAAD1B28}.Debug|Any CPU.Build.0 = Debug|Any CPU
		{A61D3008-232E-446D-A7AB-AB52BAAD1B28}.Release|Any CPU.ActiveCfg = Release|Any CPU
		{A61D3008-232E-446D-A7AB-AB52BAAD1B28}.Release|Any CPU.Build.0 = Release|Any CPU
		{C48DB1B6-5BCB-44CC-9EDC-DBC300AD11FA}.Debug|Any CPU.ActiveCfg = Debug|Any CPU
		{C48DB1B6-5BCB-44CC-9EDC-DBC300AD11FA}.Debug|Any CPU.Build.0 = Debug|Any CPU
		{C48DB1B6-5BCB-44CC-9EDC-DBC300AD11FA}.Release|Any CPU.ActiveCfg = Release|Any CPU
		{C48DB1B6-5BCB-44CC-9EDC-DBC300AD11FA}.Release|Any CPU.Build.0 = Release|Any CPU
		{AFCDD1AF-72AC-42F3-9081-BC0F2166FDB0}.Debug|Any CPU.ActiveCfg = Debug|Any CPU
		{AFCDD1AF-72AC-42F3-9081-BC0F2166FDB0}.Debug|Any CPU.Build.0 = Debug|Any CPU
		{AFCDD1AF-72AC-42F3-9081-BC0F2166FDB0}.Release|Any CPU.ActiveCfg = Release|Any CPU
		{AFCDD1AF-72AC-42F3-9081-BC0F2166FDB0}.Release|Any CPU.Build.0 = Release|Any CPU
		{541F6544-5F9D-43DD-8FCD-B7BD58ED023A}.Debug|Any CPU.ActiveCfg = Debug|Any CPU
		{541F6544-5F9D-43DD-8FCD-B7BD58ED023A}.Debug|Any CPU.Build.0 = Debug|Any CPU
		{541F6544-5F9D-43DD-8FCD-B7BD58ED023A}.Release|Any CPU.ActiveCfg = Release|Any CPU
		{541F6544-5F9D-43DD-8FCD-B7BD58ED023A}.Release|Any CPU.Build.0 = Release|Any CPU
		{1CF1D00D-DBEA-4132-9D85-1C4B159FC052}.Debug|Any CPU.ActiveCfg = Debug|Any CPU
		{1CF1D00D-DBEA-4132-9D85-1C4B159FC052}.Debug|Any CPU.Build.0 = Debug|Any CPU
		{1CF1D00D-DBEA-4132-9D85-1C4B159FC052}.Release|Any CPU.ActiveCfg = Release|Any CPU
		{1CF1D00D-DBEA-4132-9D85-1C4B159FC052}.Release|Any CPU.Build.0 = Release|Any CPU
		{D0FF0166-E104-4542-84E4-6B378D433CB4}.Debug|Any CPU.ActiveCfg = Debug|Any CPU
		{D0FF0166-E104-4542-84E4-6B378D433CB4}.Debug|Any CPU.Build.0 = Debug|Any CPU
		{D0FF0166-E104-4542-84E4-6B378D433CB4}.Release|Any CPU.ActiveCfg = Release|Any CPU
		{D0FF0166-E104-4542-84E4-6B378D433CB4}.Release|Any CPU.Build.0 = Release|Any CPU
		{C6C5EE07-56EB-443A-85EE-924353A74EBF}.Debug|Any CPU.ActiveCfg = Debug|Any CPU
		{C6C5EE07-56EB-443A-85EE-924353A74EBF}.Debug|Any CPU.Build.0 = Debug|Any CPU
		{C6C5EE07-56EB-443A-85EE-924353A74EBF}.Release|Any CPU.ActiveCfg = Release|Any CPU
		{C6C5EE07-56EB-443A-85EE-924353A74EBF}.Release|Any CPU.Build.0 = Release|Any CPU
		{8336A999-B723-4894-8DF4-885459A48FEB}.Debug|Any CPU.ActiveCfg = Debug|Any CPU
		{8336A999-B723-4894-8DF4-885459A48FEB}.Debug|Any CPU.Build.0 = Debug|Any CPU
		{8336A999-B723-4894-8DF4-885459A48FEB}.Release|Any CPU.ActiveCfg = Release|Any CPU
		{8336A999-B723-4894-8DF4-885459A48FEB}.Release|Any CPU.Build.0 = Release|Any CPU
		{C46F0C56-9616-44BA-8B6A-0CF0AE4C9542}.Debug|Any CPU.ActiveCfg = Debug|Any CPU
		{C46F0C56-9616-44BA-8B6A-0CF0AE4C9542}.Debug|Any CPU.Build.0 = Debug|Any CPU
		{C46F0C56-9616-44BA-8B6A-0CF0AE4C9542}.Release|Any CPU.ActiveCfg = Release|Any CPU
		{C46F0C56-9616-44BA-8B6A-0CF0AE4C9542}.Release|Any CPU.Build.0 = Release|Any CPU
		{45087D2D-8263-46AF-8026-2EF9F339865F}.Debug|Any CPU.ActiveCfg = Debug|Any CPU
		{45087D2D-8263-46AF-8026-2EF9F339865F}.Debug|Any CPU.Build.0 = Debug|Any CPU
		{45087D2D-8263-46AF-8026-2EF9F339865F}.Release|Any CPU.ActiveCfg = Release|Any CPU
		{45087D2D-8263-46AF-8026-2EF9F339865F}.Release|Any CPU.Build.0 = Release|Any CPU
		{5E4104D6-4B48-4828-8EB8-FF877FF3F997}.Debug|Any CPU.ActiveCfg = Debug|Any CPU
		{5E4104D6-4B48-4828-8EB8-FF877FF3F997}.Debug|Any CPU.Build.0 = Debug|Any CPU
		{5E4104D6-4B48-4828-8EB8-FF877FF3F997}.Release|Any CPU.ActiveCfg = Release|Any CPU
		{5E4104D6-4B48-4828-8EB8-FF877FF3F997}.Release|Any CPU.Build.0 = Release|Any CPU
		{820E652C-D4C8-4149-A2D6-03100E2F899B}.Debug|Any CPU.ActiveCfg = Debug|Any CPU
		{820E652C-D4C8-4149-A2D6-03100E2F899B}.Debug|Any CPU.Build.0 = Debug|Any CPU
		{820E652C-D4C8-4149-A2D6-03100E2F899B}.Release|Any CPU.ActiveCfg = Release|Any CPU
		{820E652C-D4C8-4149-A2D6-03100E2F899B}.Release|Any CPU.Build.0 = Release|Any CPU
		{0EAE4AD7-881F-418F-84AD-5B0923EB1F2A}.Debug|Any CPU.ActiveCfg = Debug|Any CPU
		{0EAE4AD7-881F-418F-84AD-5B0923EB1F2A}.Debug|Any CPU.Build.0 = Debug|Any CPU
		{0EAE4AD7-881F-418F-84AD-5B0923EB1F2A}.Release|Any CPU.ActiveCfg = Release|Any CPU
		{0EAE4AD7-881F-418F-84AD-5B0923EB1F2A}.Release|Any CPU.Build.0 = Release|Any CPU
		{420FDA1D-6C23-463C-9891-7FA94177FF71}.Debug|Any CPU.ActiveCfg = Debug|Any CPU
		{420FDA1D-6C23-463C-9891-7FA94177FF71}.Debug|Any CPU.Build.0 = Debug|Any CPU
		{420FDA1D-6C23-463C-9891-7FA94177FF71}.Release|Any CPU.ActiveCfg = Release|Any CPU
		{420FDA1D-6C23-463C-9891-7FA94177FF71}.Release|Any CPU.Build.0 = Release|Any CPU
		{31AC96ED-4476-4264-918B-5DDD97E04923}.Debug|Any CPU.ActiveCfg = Debug|Any CPU
		{31AC96ED-4476-4264-918B-5DDD97E04923}.Debug|Any CPU.Build.0 = Debug|Any CPU
		{31AC96ED-4476-4264-918B-5DDD97E04923}.Release|Any CPU.ActiveCfg = Release|Any CPU
		{31AC96ED-4476-4264-918B-5DDD97E04923}.Release|Any CPU.Build.0 = Release|Any CPU
		{6CD9910F-6A38-4366-A43D-E9C3E9BEBB1C}.Debug|Any CPU.ActiveCfg = Debug|Any CPU
		{6CD9910F-6A38-4366-A43D-E9C3E9BEBB1C}.Debug|Any CPU.Build.0 = Debug|Any CPU
		{6CD9910F-6A38-4366-A43D-E9C3E9BEBB1C}.Release|Any CPU.ActiveCfg = Release|Any CPU
		{6CD9910F-6A38-4366-A43D-E9C3E9BEBB1C}.Release|Any CPU.Build.0 = Release|Any CPU
		{CE2B83F1-94DB-425A-8D1D-D91DF6E333B4}.Debug|Any CPU.ActiveCfg = Debug|Any CPU
		{CE2B83F1-94DB-425A-8D1D-D91DF6E333B4}.Debug|Any CPU.Build.0 = Debug|Any CPU
		{CE2B83F1-94DB-425A-8D1D-D91DF6E333B4}.Release|Any CPU.ActiveCfg = Release|Any CPU
		{CE2B83F1-94DB-425A-8D1D-D91DF6E333B4}.Release|Any CPU.Build.0 = Release|Any CPU
		{24C64740-28DD-4709-B007-179C0674DA60}.Debug|Any CPU.ActiveCfg = Debug|Any CPU
		{24C64740-28DD-4709-B007-179C0674DA60}.Debug|Any CPU.Build.0 = Debug|Any CPU
		{24C64740-28DD-4709-B007-179C0674DA60}.Release|Any CPU.ActiveCfg = Release|Any CPU
		{24C64740-28DD-4709-B007-179C0674DA60}.Release|Any CPU.Build.0 = Release|Any CPU
		{1B6C0095-5655-42D4-9175-586F804DC058}.Debug|Any CPU.ActiveCfg = Debug|Any CPU
		{1B6C0095-5655-42D4-9175-586F804DC058}.Debug|Any CPU.Build.0 = Debug|Any CPU
		{1B6C0095-5655-42D4-9175-586F804DC058}.Release|Any CPU.ActiveCfg = Release|Any CPU
		{1B6C0095-5655-42D4-9175-586F804DC058}.Release|Any CPU.Build.0 = Release|Any CPU
		{74167DFD-C991-4946-80D2-4E3BC73A42D8}.Debug|Any CPU.ActiveCfg = Debug|Any CPU
		{74167DFD-C991-4946-80D2-4E3BC73A42D8}.Debug|Any CPU.Build.0 = Debug|Any CPU
		{74167DFD-C991-4946-80D2-4E3BC73A42D8}.Release|Any CPU.ActiveCfg = Release|Any CPU
		{74167DFD-C991-4946-80D2-4E3BC73A42D8}.Release|Any CPU.Build.0 = Release|Any CPU
		{61A88F91-2ECA-43BE-906C-D127E4F03025}.Debug|Any CPU.ActiveCfg = Debug|Any CPU
		{61A88F91-2ECA-43BE-906C-D127E4F03025}.Debug|Any CPU.Build.0 = Debug|Any CPU
		{61A88F91-2ECA-43BE-906C-D127E4F03025}.Release|Any CPU.ActiveCfg = Release|Any CPU
		{61A88F91-2ECA-43BE-906C-D127E4F03025}.Release|Any CPU.Build.0 = Release|Any CPU
	EndGlobalSection
	GlobalSection(SolutionProperties) = preSolution
		HideSolutionNode = FALSE
	EndGlobalSection
	GlobalSection(NestedProjects) = preSolution
		{078E2AE0-C590-4B2E-BBA4-03CDDB93D0EB} = {F5FFF3CB-1242-4004-956D-B7FC62714206}
		{A61D3008-232E-446D-A7AB-AB52BAAD1B28} = {F5FFF3CB-1242-4004-956D-B7FC62714206}
		{C48DB1B6-5BCB-44CC-9EDC-DBC300AD11FA} = {F5FFF3CB-1242-4004-956D-B7FC62714206}
		{41903659-E666-421F-9AB0-9775989EB989} = {F9A87EA3-AF59-466D-94CE-2D12FBD29AB6}
		{4938A16F-B34E-4279-B068-A1458F7F597C} = {F9A87EA3-AF59-466D-94CE-2D12FBD29AB6}
		{72F82BCE-8009-403D-80C1-D4FD11B6FE62} = {F9A87EA3-AF59-466D-94CE-2D12FBD29AB6}
		{9610B93E-7EB7-4CE3-A9FC-CB69D8A5D5AC} = {F9A87EA3-AF59-466D-94CE-2D12FBD29AB6}
		{897AE40E-F5C2-4EDF-BB32-AE9C251EAEB9} = {F9A87EA3-AF59-466D-94CE-2D12FBD29AB6}
		{21AACF07-AAA6-4FC8-BBB9-093EAF173F5B} = {87389CB7-8EA6-46DE-A775-836605346C38}
		{FB758FA1-A67D-417B-8B7B-44141598CDEA} = {87389CB7-8EA6-46DE-A775-836605346C38}
		{FA443D66-64FC-4DD5-887F-90E9BFB69B99} = {87389CB7-8EA6-46DE-A775-836605346C38}
		{1EBC02AF-D150-4793-A553-962C1860F87A} = {87389CB7-8EA6-46DE-A775-836605346C38}
		{51A1BDF2-36D2-4181-8A0E-26C34E582926} = {87389CB7-8EA6-46DE-A775-836605346C38}
		{AFCDD1AF-72AC-42F3-9081-BC0F2166FDB0} = {51A1BDF2-36D2-4181-8A0E-26C34E582926}
		{541F6544-5F9D-43DD-8FCD-B7BD58ED023A} = {9610B93E-7EB7-4CE3-A9FC-CB69D8A5D5AC}
		{1CF1D00D-DBEA-4132-9D85-1C4B159FC052} = {9610B93E-7EB7-4CE3-A9FC-CB69D8A5D5AC}
		{D0FF0166-E104-4542-84E4-6B378D433CB4} = {9610B93E-7EB7-4CE3-A9FC-CB69D8A5D5AC}
		{C6C5EE07-56EB-443A-85EE-924353A74EBF} = {9610B93E-7EB7-4CE3-A9FC-CB69D8A5D5AC}
		{8336A999-B723-4894-8DF4-885459A48FEB} = {4938A16F-B34E-4279-B068-A1458F7F597C}
		{C46F0C56-9616-44BA-8B6A-0CF0AE4C9542} = {41903659-E666-421F-9AB0-9775989EB989}
		{45087D2D-8263-46AF-8026-2EF9F339865F} = {72F82BCE-8009-403D-80C1-D4FD11B6FE62}
		{5E4104D6-4B48-4828-8EB8-FF877FF3F997} = {72F82BCE-8009-403D-80C1-D4FD11B6FE62}
		{820E652C-D4C8-4149-A2D6-03100E2F899B} = {897AE40E-F5C2-4EDF-BB32-AE9C251EAEB9}
		{0EAE4AD7-881F-418F-84AD-5B0923EB1F2A} = {21AACF07-AAA6-4FC8-BBB9-093EAF173F5B}
		{420FDA1D-6C23-463C-9891-7FA94177FF71} = {FA443D66-64FC-4DD5-887F-90E9BFB69B99}
		{31AC96ED-4476-4264-918B-5DDD97E04923} = {FA443D66-64FC-4DD5-887F-90E9BFB69B99}
		{6CD9910F-6A38-4366-A43D-E9C3E9BEBB1C} = {1EBC02AF-D150-4793-A553-962C1860F87A}
		{CE2B83F1-94DB-425A-8D1D-D91DF6E333B4} = {1EBC02AF-D150-4793-A553-962C1860F87A}
		{24C64740-28DD-4709-B007-179C0674DA60} = {1EBC02AF-D150-4793-A553-962C1860F87A}
		{1B6C0095-5655-42D4-9175-586F804DC058} = {1EBC02AF-D150-4793-A553-962C1860F87A}
		{74167DFD-C991-4946-80D2-4E3BC73A42D8} = {FB758FA1-A67D-417B-8B7B-44141598CDEA}
	EndGlobalSection
EndGlobal
